<?xml version="1.0" encoding="utf-8"?>
<Project ToolsVersion="4.0" xmlns="http://schemas.microsoft.com/developer/msbuild/2003">
  <ItemGroup>
    <ClCompile Include="Program.cpp" />
    <ClCompile Include="..\HDRLoader\hdrloader.cpp" />
  </ItemGroup>
  <ItemGroup>
    <ClInclude Include="Sphere.hpp" />
    <ClInclude Include="FragmentShader.hpp" />
    <ClInclude Include="VertexShader.hpp" />
    <ClInclude Include="..\HDRLoader\hdrloader.h" />
    <ClInclude Include="Cube.h" />
    <ClInclude Include="SkyBoxShader.h" />
    <ClInclude Include="CubeShader.h" />
  </ItemGroup>
</Project>